// !$*UTF8*$!
{
	archiveVersion = 1;
	classes = {
	};
	objectVersion = 48;
	objects = {

/* Begin PBXBuildFile section */
		1E03C3902010D531002EEDA4 /* SPURLRouter.m in Sources */ = {isa = PBXBuildFile; fileRef = 1E03C38F2010D531002EEDA4 /* SPURLRouter.m */; };
		1E0D1D741FF389A500CA80FC /* SPPushManager.m in Sources */ = {isa = PBXBuildFile; fileRef = 1E0D1D731FF389A500CA80FC /* SPPushManager.m */; };
		1E0D1D771FF389CC00CA80FC /* SPLocationManager.m in Sources */ = {isa = PBXBuildFile; fileRef = 1E0D1D761FF389CC00CA80FC /* SPLocationManager.m */; };
		1E0D1D7D1FF39C6B00CA80FC /* SPUser.m in Sources */ = {isa = PBXBuildFile; fileRef = 1E0D1D7C1FF39C6B00CA80FC /* SPUser.m */; };
		1E0E430E2019848100493C05 /* LoginVC.m in Sources */ = {isa = PBXBuildFile; fileRef = 1E0E430D2019848100493C05 /* LoginVC.m */; };
		1E0E4310201984FF00493C05 /* open_url.plist in Resources */ = {isa = PBXBuildFile; fileRef = 1E0E430F201984FE00493C05 /* open_url.plist */; };
		1E27B80C21AE7F0200E44C35 /* SecondHomeVC.m in Sources */ = {isa = PBXBuildFile; fileRef = 1E27B80B21AE7F0200E44C35 /* SecondHomeVC.m */; };
		1E38698321B4514E0066F030 /* SPAppManager.m in Sources */ = {isa = PBXBuildFile; fileRef = 1E38697521B4514E0066F030 /* SPAppManager.m */; };
		1E38698821B4514E0066F030 /* SPAppDelegate.m in Sources */ = {isa = PBXBuildFile; fileRef = 1E38698221B4514E0066F030 /* SPAppDelegate.m */; };
		1E9482662091D87B00B5F82C /* OldLoginVC.m in Sources */ = {isa = PBXBuildFile; fileRef = 1E9482652091D87B00B5F82C /* OldLoginVC.m */; };
		1E9482692092025600B5F82C /* ViewController+All.m in Sources */ = {isa = PBXBuildFile; fileRef = 1E9482682092025600B5F82C /* ViewController+All.m */; };
		1EB5F50B20204D6600007899 /* RegisterVC.m in Sources */ = {isa = PBXBuildFile; fileRef = 1EB5F50A20204D6600007899 /* RegisterVC.m */; };
		7A1B48A921CA373E002B88EE /* DemoAppDelegate.m in Sources */ = {isa = PBXBuildFile; fileRef = 7A1B48A821CA373E002B88EE /* DemoAppDelegate.m */; };
		7A1B48AC21CA3EF2002B88EE /* PreloadAppDelegate.m in Sources */ = {isa = PBXBuildFile; fileRef = 7A1B48AB21CA3EF2002B88EE /* PreloadAppDelegate.m */; };
		96165CC51FCD6333001D98F3 /* NotificationCenter.framework in Frameworks */ = {isa = PBXBuildFile; fileRef = 96165CC41FCD6333001D98F3 /* NotificationCenter.framework */; };
		96165CC91FCD6333001D98F3 /* TodayViewController.m in Sources */ = {isa = PBXBuildFile; fileRef = 96165CC81FCD6333001D98F3 /* TodayViewController.m */; };
		96165CCC1FCD6333001D98F3 /* MainInterface.storyboard in Resources */ = {isa = PBXBuildFile; fileRef = 96165CCA1FCD6333001D98F3 /* MainInterface.storyboard */; };
		96165CD01FCD6333001D98F3 /* TodayExtension.appex in Embed App Extensions */ = {isa = PBXBuildFile; fileRef = 96165CC31FCD6333001D98F3 /* TodayExtension.appex */; settings = {ATTRIBUTES = (RemoveHeadersOnCopy, ); }; };
		9636EC3C1FDFA937009CB6FE /* WBHotTodayTableViewCell.m in Sources */ = {isa = PBXBuildFile; fileRef = 9636EC361FDFA936009CB6FE /* WBHotTodayTableViewCell.m */; };
		9636EC3D1FDFA937009CB6FE /* WBHotTodayViewController.m in Sources */ = {isa = PBXBuildFile; fileRef = 9636EC3A1FDFA937009CB6FE /* WBHotTodayViewController.m */; };
		9636EC3E1FDFA937009CB6FE /* WBHotTodayManager.m in Sources */ = {isa = PBXBuildFile; fileRef = 9636EC3B1FDFA937009CB6FE /* WBHotTodayManager.m */; };
		96ACE7001FAB14EC005B7CB0 /* AppDelegate.m in Sources */ = {isa = PBXBuildFile; fileRef = 96ACE6FF1FAB14EC005B7CB0 /* AppDelegate.m */; };
		96ACE7031FAB14EC005B7CB0 /* ViewController.m in Sources */ = {isa = PBXBuildFile; fileRef = 96ACE7021FAB14EC005B7CB0 /* ViewController.m */; };
		96ACE7061FAB14EC005B7CB0 /* Main.storyboard in Resources */ = {isa = PBXBuildFile; fileRef = 96ACE7041FAB14EC005B7CB0 /* Main.storyboard */; };
		96ACE7081FAB14EC005B7CB0 /* Assets.xcassets in Resources */ = {isa = PBXBuildFile; fileRef = 96ACE7071FAB14EC005B7CB0 /* Assets.xcassets */; };
		96ACE70B1FAB14EC005B7CB0 /* LaunchScreen.storyboard in Resources */ = {isa = PBXBuildFile; fileRef = 96ACE7091FAB14EC005B7CB0 /* LaunchScreen.storyboard */; };
		96ACE70E1FAB14EC005B7CB0 /* main.m in Sources */ = {isa = PBXBuildFile; fileRef = 96ACE70D1FAB14EC005B7CB0 /* main.m */; };
		96ACE7181FAB14EC005B7CB0 /* lishipingTestTests.m in Sources */ = {isa = PBXBuildFile; fileRef = 96ACE7171FAB14EC005B7CB0 /* lishipingTestTests.m */; };
		96ACE7231FAB14EC005B7CB0 /* lishipingTestUITests.m in Sources */ = {isa = PBXBuildFile; fileRef = 96ACE7221FAB14EC005B7CB0 /* lishipingTestUITests.m */; };
		96F4383E1FD80B9D00F10335 /* SPNetworkManager.m in Sources */ = {isa = PBXBuildFile; fileRef = 96F4383D1FD80B9D00F10335 /* SPNetworkManager.m */; };
		96F4383F1FD80B9D00F10335 /* SPNetworkManager.m in Sources */ = {isa = PBXBuildFile; fileRef = 96F4383D1FD80B9D00F10335 /* SPNetworkManager.m */; };
		96F438401FD80B9D00F10335 /* SPNetworkManager.m in Sources */ = {isa = PBXBuildFile; fileRef = 96F4383D1FD80B9D00F10335 /* SPNetworkManager.m */; };
		D03853AAD893BCA0ED7A6CBC /* libPods-lishipingTest.a in Frameworks */ = {isa = PBXBuildFile; fileRef = 2F9294A0CE39565024DF82B0 /* libPods-lishipingTest.a */; };
/* End PBXBuildFile section */

/* Begin PBXContainerItemProxy section */
		96165CCE1FCD6333001D98F3 /* PBXContainerItemProxy */ = {
			isa = PBXContainerItemProxy;
			containerPortal = 96ACE6F31FAB14EC005B7CB0 /* Project object */;
			proxyType = 1;
			remoteGlobalIDString = 96165CC21FCD6333001D98F3;
			remoteInfo = TodayExtension;
		};
		96ACE7141FAB14EC005B7CB0 /* PBXContainerItemProxy */ = {
			isa = PBXContainerItemProxy;
			containerPortal = 96ACE6F31FAB14EC005B7CB0 /* Project object */;
			proxyType = 1;
			remoteGlobalIDString = 96ACE6FA1FAB14EC005B7CB0;
			remoteInfo = lishipingTest;
		};
		96ACE71F1FAB14EC005B7CB0 /* PBXContainerItemProxy */ = {
			isa = PBXContainerItemProxy;
			containerPortal = 96ACE6F31FAB14EC005B7CB0 /* Project object */;
			proxyType = 1;
			remoteGlobalIDString = 96ACE6FA1FAB14EC005B7CB0;
			remoteInfo = lishipingTest;
		};
/* End PBXContainerItemProxy section */

/* Begin PBXCopyFilesBuildPhase section */
		96165CD41FCD6333001D98F3 /* Embed App Extensions */ = {
			isa = PBXCopyFilesBuildPhase;
			buildActionMask = 2147483647;
			dstPath = "";
			dstSubfolderSpec = 13;
			files = (
				96165CD01FCD6333001D98F3 /* TodayExtension.appex in Embed App Extensions */,
			);
			name = "Embed App Extensions";
			runOnlyForDeploymentPostprocessing = 0;
		};
		96CFE4ED1FD6A98100645143 /* Embed Frameworks */ = {
			isa = PBXCopyFilesBuildPhase;
			buildActionMask = 2147483647;
			dstPath = "";
			dstSubfolderSpec = 10;
			files = (
			);
			name = "Embed Frameworks";
			runOnlyForDeploymentPostprocessing = 0;
		};
/* End PBXCopyFilesBuildPhase section */

/* Begin PBXFileReference section */
		1E03C38C2010AAD7002EEDA4 /* lishipingTest-Prefix.pch */ = {isa = PBXFileReference; lastKnownFileType = sourcecode.c.h; path = "lishipingTest-Prefix.pch"; sourceTree = "<group>"; };
		1E03C38E2010D531002EEDA4 /* SPURLRouter.h */ = {isa = PBXFileReference; lastKnownFileType = sourcecode.c.h; path = SPURLRouter.h; sourceTree = "<group>"; };
		1E03C38F2010D531002EEDA4 /* SPURLRouter.m */ = {isa = PBXFileReference; lastKnownFileType = sourcecode.c.objc; path = SPURLRouter.m; sourceTree = "<group>"; };
		1E0D1D721FF389A500CA80FC /* SPPushManager.h */ = {isa = PBXFileReference; lastKnownFileType = sourcecode.c.h; path = SPPushManager.h; sourceTree = "<group>"; };
		1E0D1D731FF389A500CA80FC /* SPPushManager.m */ = {isa = PBXFileReference; lastKnownFileType = sourcecode.c.objc; path = SPPushManager.m; sourceTree = "<group>"; };
		1E0D1D751FF389CC00CA80FC /* SPLocationManager.h */ = {isa = PBXFileReference; lastKnownFileType = sourcecode.c.h; path = SPLocationManager.h; sourceTree = "<group>"; };
		1E0D1D761FF389CC00CA80FC /* SPLocationManager.m */ = {isa = PBXFileReference; lastKnownFileType = sourcecode.c.objc; path = SPLocationManager.m; sourceTree = "<group>"; };
		1E0D1D7B1FF39C6B00CA80FC /* SPUser.h */ = {isa = PBXFileReference; lastKnownFileType = sourcecode.c.h; path = SPUser.h; sourceTree = "<group>"; };
		1E0D1D7C1FF39C6B00CA80FC /* SPUser.m */ = {isa = PBXFileReference; lastKnownFileType = sourcecode.c.objc; path = SPUser.m; sourceTree = "<group>"; };
		1E0E430C2019848100493C05 /* LoginVC.h */ = {isa = PBXFileReference; lastKnownFileType = sourcecode.c.h; path = LoginVC.h; sourceTree = "<group>"; };
		1E0E430D2019848100493C05 /* LoginVC.m */ = {isa = PBXFileReference; lastKnownFileType = sourcecode.c.objc; path = LoginVC.m; sourceTree = "<group>"; };
		1E0E430F201984FE00493C05 /* open_url.plist */ = {isa = PBXFileReference; lastKnownFileType = text.plist.xml; path = open_url.plist; sourceTree = "<group>"; };
		1E27B80A21AE7F0200E44C35 /* SecondHomeVC.h */ = {isa = PBXFileReference; lastKnownFileType = sourcecode.c.h; path = SecondHomeVC.h; sourceTree = "<group>"; };
		1E27B80B21AE7F0200E44C35 /* SecondHomeVC.m */ = {isa = PBXFileReference; lastKnownFileType = sourcecode.c.objc; path = SecondHomeVC.m; sourceTree = "<group>"; };
		1E38697521B4514E0066F030 /* SPAppManager.m */ = {isa = PBXFileReference; fileEncoding = 4; lastKnownFileType = sourcecode.c.objc; path = SPAppManager.m; sourceTree = "<group>"; };
		1E38697721B4514E0066F030 /* SPAppDelegate.h */ = {isa = PBXFileReference; fileEncoding = 4; lastKnownFileType = sourcecode.c.h; path = SPAppDelegate.h; sourceTree = "<group>"; };
		1E38698021B4514E0066F030 /* SPAppManager.h */ = {isa = PBXFileReference; fileEncoding = 4; lastKnownFileType = sourcecode.c.h; path = SPAppManager.h; sourceTree = "<group>"; };
		1E38698221B4514E0066F030 /* SPAppDelegate.m */ = {isa = PBXFileReference; fileEncoding = 4; lastKnownFileType = sourcecode.c.objc; path = SPAppDelegate.m; sourceTree = "<group>"; };
		1E9482642091D87B00B5F82C /* OldLoginVC.h */ = {isa = PBXFileReference; fileEncoding = 4; lastKnownFileType = sourcecode.c.h; path = OldLoginVC.h; sourceTree = "<group>"; };
		1E9482652091D87B00B5F82C /* OldLoginVC.m */ = {isa = PBXFileReference; fileEncoding = 4; lastKnownFileType = sourcecode.c.objc; path = OldLoginVC.m; sourceTree = "<group>"; };
		1E9482672092025600B5F82C /* ViewController+All.h */ = {isa = PBXFileReference; lastKnownFileType = sourcecode.c.h; path = "ViewController+All.h"; sourceTree = "<group>"; };
		1E9482682092025600B5F82C /* ViewController+All.m */ = {isa = PBXFileReference; lastKnownFileType = sourcecode.c.objc; path = "ViewController+All.m"; sourceTree = "<group>"; };
		1EB5F50920204D6600007899 /* RegisterVC.h */ = {isa = PBXFileReference; lastKnownFileType = sourcecode.c.h; path = RegisterVC.h; sourceTree = "<group>"; };
		1EB5F50A20204D6600007899 /* RegisterVC.m */ = {isa = PBXFileReference; lastKnownFileType = sourcecode.c.objc; path = RegisterVC.m; sourceTree = "<group>"; };
		215C14150A2520B979314DA6 /* Pods-lishipingTest.debug.xcconfig */ = {isa = PBXFileReference; includeInIndex = 1; lastKnownFileType = text.xcconfig; name = "Pods-lishipingTest.debug.xcconfig"; path = "Pods/Target Support Files/Pods-lishipingTest/Pods-lishipingTest.debug.xcconfig"; sourceTree = "<group>"; };
		2F9294A0CE39565024DF82B0 /* libPods-lishipingTest.a */ = {isa = PBXFileReference; explicitFileType = archive.ar; includeInIndex = 0; path = "libPods-lishipingTest.a"; sourceTree = BUILT_PRODUCTS_DIR; };
		318F81A5D873B69C3651676B /* Pods-lishipingTest.release.xcconfig */ = {isa = PBXFileReference; includeInIndex = 1; lastKnownFileType = text.xcconfig; name = "Pods-lishipingTest.release.xcconfig"; path = "Pods/Target Support Files/Pods-lishipingTest/Pods-lishipingTest.release.xcconfig"; sourceTree = "<group>"; };
		373B8538BB065024FB4FF0A1 /* libPods-TodayExtension.a */ = {isa = PBXFileReference; explicitFileType = archive.ar; includeInIndex = 0; path = "libPods-TodayExtension.a"; sourceTree = BUILT_PRODUCTS_DIR; };
		7A1B48A721CA373E002B88EE /* DemoAppDelegate.h */ = {isa = PBXFileReference; lastKnownFileType = sourcecode.c.h; path = DemoAppDelegate.h; sourceTree = "<group>"; };
		7A1B48A821CA373E002B88EE /* DemoAppDelegate.m */ = {isa = PBXFileReference; lastKnownFileType = sourcecode.c.objc; path = DemoAppDelegate.m; sourceTree = "<group>"; };
		7A1B48AA21CA3EF2002B88EE /* PreloadAppDelegate.h */ = {isa = PBXFileReference; lastKnownFileType = sourcecode.c.h; path = PreloadAppDelegate.h; sourceTree = "<group>"; };
		7A1B48AB21CA3EF2002B88EE /* PreloadAppDelegate.m */ = {isa = PBXFileReference; lastKnownFileType = sourcecode.c.objc; path = PreloadAppDelegate.m; sourceTree = "<group>"; };
		96165CC31FCD6333001D98F3 /* TodayExtension.appex */ = {isa = PBXFileReference; explicitFileType = "wrapper.app-extension"; includeInIndex = 0; path = TodayExtension.appex; sourceTree = BUILT_PRODUCTS_DIR; };
		96165CC41FCD6333001D98F3 /* NotificationCenter.framework */ = {isa = PBXFileReference; lastKnownFileType = wrapper.framework; name = NotificationCenter.framework; path = System/Library/Frameworks/NotificationCenter.framework; sourceTree = SDKROOT; };
		96165CC71FCD6333001D98F3 /* TodayViewController.h */ = {isa = PBXFileReference; lastKnownFileType = sourcecode.c.h; path = TodayViewController.h; sourceTree = "<group>"; };
		96165CC81FCD6333001D98F3 /* TodayViewController.m */ = {isa = PBXFileReference; lastKnownFileType = sourcecode.c.objc; path = TodayViewController.m; sourceTree = "<group>"; };
		96165CCB1FCD6333001D98F3 /* Base */ = {isa = PBXFileReference; lastKnownFileType = file.storyboard; name = Base; path = Base.lproj/MainInterface.storyboard; sourceTree = "<group>"; };
		96165CCD1FCD6333001D98F3 /* Info.plist */ = {isa = PBXFileReference; lastKnownFileType = text.plist.xml; path = Info.plist; sourceTree = "<group>"; };
		9636EC361FDFA936009CB6FE /* WBHotTodayTableViewCell.m */ = {isa = PBXFileReference; fileEncoding = 4; lastKnownFileType = sourcecode.c.objc; path = WBHotTodayTableViewCell.m; sourceTree = "<group>"; };
		9636EC371FDFA936009CB6FE /* WBHotTodayManager.h */ = {isa = PBXFileReference; fileEncoding = 4; lastKnownFileType = sourcecode.c.h; path = WBHotTodayManager.h; sourceTree = "<group>"; };
		9636EC381FDFA936009CB6FE /* WBHotTodayTableViewCell.h */ = {isa = PBXFileReference; fileEncoding = 4; lastKnownFileType = sourcecode.c.h; path = WBHotTodayTableViewCell.h; sourceTree = "<group>"; };
		9636EC391FDFA937009CB6FE /* WBHotTodayViewController.h */ = {isa = PBXFileReference; fileEncoding = 4; lastKnownFileType = sourcecode.c.h; path = WBHotTodayViewController.h; sourceTree = "<group>"; };
		9636EC3A1FDFA937009CB6FE /* WBHotTodayViewController.m */ = {isa = PBXFileReference; fileEncoding = 4; lastKnownFileType = sourcecode.c.objc; path = WBHotTodayViewController.m; sourceTree = "<group>"; };
		9636EC3B1FDFA937009CB6FE /* WBHotTodayManager.m */ = {isa = PBXFileReference; fileEncoding = 4; lastKnownFileType = sourcecode.c.objc; path = WBHotTodayManager.m; sourceTree = "<group>"; };
		96ACE6FB1FAB14EC005B7CB0 /* lishipingTest.app */ = {isa = PBXFileReference; explicitFileType = wrapper.application; includeInIndex = 0; path = lishipingTest.app; sourceTree = BUILT_PRODUCTS_DIR; };
		96ACE6FE1FAB14EC005B7CB0 /* AppDelegate.h */ = {isa = PBXFileReference; lastKnownFileType = sourcecode.c.h; path = AppDelegate.h; sourceTree = "<group>"; };
		96ACE6FF1FAB14EC005B7CB0 /* AppDelegate.m */ = {isa = PBXFileReference; lastKnownFileType = sourcecode.c.objc; path = AppDelegate.m; sourceTree = "<group>"; };
		96ACE7011FAB14EC005B7CB0 /* ViewController.h */ = {isa = PBXFileReference; lastKnownFileType = sourcecode.c.h; path = ViewController.h; sourceTree = "<group>"; };
		96ACE7021FAB14EC005B7CB0 /* ViewController.m */ = {isa = PBXFileReference; lastKnownFileType = sourcecode.c.objc; path = ViewController.m; sourceTree = "<group>"; };
		96ACE7051FAB14EC005B7CB0 /* Base */ = {isa = PBXFileReference; lastKnownFileType = file.storyboard; name = Base; path = Base.lproj/Main.storyboard; sourceTree = "<group>"; };
		96ACE7071FAB14EC005B7CB0 /* Assets.xcassets */ = {isa = PBXFileReference; lastKnownFileType = folder.assetcatalog; path = Assets.xcassets; sourceTree = "<group>"; };
		96ACE70A1FAB14EC005B7CB0 /* Base */ = {isa = PBXFileReference; lastKnownFileType = file.storyboard; name = Base; path = Base.lproj/LaunchScreen.storyboard; sourceTree = "<group>"; };
		96ACE70C1FAB14EC005B7CB0 /* Info.plist */ = {isa = PBXFileReference; lastKnownFileType = text.plist.xml; path = Info.plist; sourceTree = "<group>"; };
		96ACE70D1FAB14EC005B7CB0 /* main.m */ = {isa = PBXFileReference; lastKnownFileType = sourcecode.c.objc; path = main.m; sourceTree = "<group>"; };
		96ACE7131FAB14EC005B7CB0 /* lishipingTestTests.xctest */ = {isa = PBXFileReference; explicitFileType = wrapper.cfbundle; includeInIndex = 0; path = lishipingTestTests.xctest; sourceTree = BUILT_PRODUCTS_DIR; };
		96ACE7171FAB14EC005B7CB0 /* lishipingTestTests.m */ = {isa = PBXFileReference; lastKnownFileType = sourcecode.c.objc; path = lishipingTestTests.m; sourceTree = "<group>"; };
		96ACE7191FAB14EC005B7CB0 /* Info.plist */ = {isa = PBXFileReference; lastKnownFileType = text.plist.xml; path = Info.plist; sourceTree = "<group>"; };
		96ACE71E1FAB14EC005B7CB0 /* lishipingTestUITests.xctest */ = {isa = PBXFileReference; explicitFileType = wrapper.cfbundle; includeInIndex = 0; path = lishipingTestUITests.xctest; sourceTree = BUILT_PRODUCTS_DIR; };
		96ACE7221FAB14EC005B7CB0 /* lishipingTestUITests.m */ = {isa = PBXFileReference; lastKnownFileType = sourcecode.c.objc; path = lishipingTestUITests.m; sourceTree = "<group>"; };
		96ACE7241FAB14EC005B7CB0 /* Info.plist */ = {isa = PBXFileReference; lastKnownFileType = text.plist.xml; path = Info.plist; sourceTree = "<group>"; };
		96F4383C1FD80B9D00F10335 /* SPNetworkManager.h */ = {isa = PBXFileReference; lastKnownFileType = sourcecode.c.h; path = SPNetworkManager.h; sourceTree = "<group>"; };
		96F4383D1FD80B9D00F10335 /* SPNetworkManager.m */ = {isa = PBXFileReference; lastKnownFileType = sourcecode.c.objc; path = SPNetworkManager.m; sourceTree = "<group>"; };
/* End PBXFileReference section */

/* Begin PBXFrameworksBuildPhase section */
		96165CC01FCD6333001D98F3 /* Frameworks */ = {
			isa = PBXFrameworksBuildPhase;
			buildActionMask = 2147483647;
			files = (
				96165CC51FCD6333001D98F3 /* NotificationCenter.framework in Frameworks */,
			);
			runOnlyForDeploymentPostprocessing = 0;
		};
		96ACE6F81FAB14EC005B7CB0 /* Frameworks */ = {
			isa = PBXFrameworksBuildPhase;
			buildActionMask = 2147483647;
			files = (
				D03853AAD893BCA0ED7A6CBC /* libPods-lishipingTest.a in Frameworks */,
			);
			runOnlyForDeploymentPostprocessing = 0;
		};
		96ACE7101FAB14EC005B7CB0 /* Frameworks */ = {
			isa = PBXFrameworksBuildPhase;
			buildActionMask = 2147483647;
			files = (
			);
			runOnlyForDeploymentPostprocessing = 0;
		};
		96ACE71B1FAB14EC005B7CB0 /* Frameworks */ = {
			isa = PBXFrameworksBuildPhase;
			buildActionMask = 2147483647;
			files = (
			);
			runOnlyForDeploymentPostprocessing = 0;
		};
/* End PBXFrameworksBuildPhase section */

/* Begin PBXGroup section */
		1E03C38D2010D4D5002EEDA4 /* HandleOpenURL */ = {
			isa = PBXGroup;
			children = (
				1E03C38E2010D531002EEDA4 /* SPURLRouter.h */,
				1E03C38F2010D531002EEDA4 /* SPURLRouter.m */,
			);
			path = HandleOpenURL;
			sourceTree = "<group>";
		};
		1E0D1D701FF3897700CA80FC /* Push */ = {
			isa = PBXGroup;
			children = (
				1E0D1D721FF389A500CA80FC /* SPPushManager.h */,
				1E0D1D731FF389A500CA80FC /* SPPushManager.m */,
			);
			path = Push;
			sourceTree = "<group>";
		};
		1E0D1D711FF3898100CA80FC /* Location */ = {
			isa = PBXGroup;
			children = (
				1E0D1D751FF389CC00CA80FC /* SPLocationManager.h */,
				1E0D1D761FF389CC00CA80FC /* SPLocationManager.m */,
			);
			path = Location;
			sourceTree = "<group>";
		};
		1E0D1D7A1FF39C5200CA80FC /* User */ = {
			isa = PBXGroup;
			children = (
				1E0D1D7B1FF39C6B00CA80FC /* SPUser.h */,
				1E0D1D7C1FF39C6B00CA80FC /* SPUser.m */,
				1E0E430C2019848100493C05 /* LoginVC.h */,
				1E0E430D2019848100493C05 /* LoginVC.m */,
				1E9482642091D87B00B5F82C /* OldLoginVC.h */,
				1E9482652091D87B00B5F82C /* OldLoginVC.m */,
				1EB5F50920204D6600007899 /* RegisterVC.h */,
				1EB5F50A20204D6600007899 /* RegisterVC.m */,
			);
			path = User;
			sourceTree = "<group>";
		};
		1E15551F202D727900776E90 /* Base */ = {
			isa = PBXGroup;
			children = (
				1E9482672092025600B5F82C /* ViewController+All.h */,
				1E9482682092025600B5F82C /* ViewController+All.m */,
			);
			path = Base;
			sourceTree = "<group>";
		};
		1E27B80621AE7DF400E44C35 /* Second */ = {
			isa = PBXGroup;
			children = (
				1E27B80A21AE7F0200E44C35 /* SecondHomeVC.h */,
				1E27B80B21AE7F0200E44C35 /* SecondHomeVC.m */,
			);
			path = Second;
			sourceTree = "<group>";
		};
		1E38697221B4514E0066F030 /* VirtualApp */ = {
			isa = PBXGroup;
			children = (
				1E38698021B4514E0066F030 /* SPAppManager.h */,
				1E38697521B4514E0066F030 /* SPAppManager.m */,
				1E38697721B4514E0066F030 /* SPAppDelegate.h */,
				1E38698221B4514E0066F030 /* SPAppDelegate.m */,
			);
			path = VirtualApp;
			sourceTree = "<group>";
		};
		2CD8AD4940738AF683D5C013 /* Pods */ = {
			isa = PBXGroup;
			children = (
				215C14150A2520B979314DA6 /* Pods-lishipingTest.debug.xcconfig */,
				318F81A5D873B69C3651676B /* Pods-lishipingTest.release.xcconfig */,
			);
			name = Pods;
			sourceTree = "<group>";
		};
		4A66497CF945E6A683470765 /* Frameworks */ = {
			isa = PBXGroup;
			children = (
				96165CC41FCD6333001D98F3 /* NotificationCenter.framework */,
				373B8538BB065024FB4FF0A1 /* libPods-TodayExtension.a */,
				2F9294A0CE39565024DF82B0 /* libPods-lishipingTest.a */,
			);
			name = Frameworks;
			sourceTree = "<group>";
		};
		96165CC61FCD6333001D98F3 /* TodayExtension */ = {
			isa = PBXGroup;
			children = (
				9636EC371FDFA936009CB6FE /* WBHotTodayManager.h */,
				9636EC3B1FDFA937009CB6FE /* WBHotTodayManager.m */,
				9636EC381FDFA936009CB6FE /* WBHotTodayTableViewCell.h */,
				9636EC361FDFA936009CB6FE /* WBHotTodayTableViewCell.m */,
				9636EC391FDFA937009CB6FE /* WBHotTodayViewController.h */,
				9636EC3A1FDFA937009CB6FE /* WBHotTodayViewController.m */,
				96165CC71FCD6333001D98F3 /* TodayViewController.h */,
				96165CC81FCD6333001D98F3 /* TodayViewController.m */,
				96165CCA1FCD6333001D98F3 /* MainInterface.storyboard */,
				96165CCD1FCD6333001D98F3 /* Info.plist */,
			);
			path = TodayExtension;
			sourceTree = "<group>";
		};
		96ACE6F21FAB14EC005B7CB0 = {
			isa = PBXGroup;
			children = (
				96ACE6FD1FAB14EC005B7CB0 /* lishipingTest */,
				96ACE7161FAB14EC005B7CB0 /* lishipingTestTests */,
				96ACE7211FAB14EC005B7CB0 /* lishipingTestUITests */,
				96165CC61FCD6333001D98F3 /* TodayExtension */,
				96ACE6FC1FAB14EC005B7CB0 /* Products */,
				2CD8AD4940738AF683D5C013 /* Pods */,
				4A66497CF945E6A683470765 /* Frameworks */,
			);
			sourceTree = "<group>";
		};
		96ACE6FC1FAB14EC005B7CB0 /* Products */ = {
			isa = PBXGroup;
			children = (
				96ACE6FB1FAB14EC005B7CB0 /* lishipingTest.app */,
				96ACE7131FAB14EC005B7CB0 /* lishipingTestTests.xctest */,
				96ACE71E1FAB14EC005B7CB0 /* lishipingTestUITests.xctest */,
				96165CC31FCD6333001D98F3 /* TodayExtension.appex */,
			);
			name = Products;
			sourceTree = "<group>";
		};
		96ACE6FD1FAB14EC005B7CB0 /* lishipingTest */ = {
			isa = PBXGroup;
			children = (
				1E27B80621AE7DF400E44C35 /* Second */,
				1E15551F202D727900776E90 /* Base */,
				1E03C38D2010D4D5002EEDA4 /* HandleOpenURL */,
				1E0D1D7A1FF39C5200CA80FC /* User */,
				1E0D1D711FF3898100CA80FC /* Location */,
				1E0D1D701FF3897700CA80FC /* Push */,
				96F4383B1FD8084000F10335 /* SPNetWork */,
				96ACE6FE1FAB14EC005B7CB0 /* AppDelegate.h */,
				96ACE6FF1FAB14EC005B7CB0 /* AppDelegate.m */,
				7A1B48A721CA373E002B88EE /* DemoAppDelegate.h */,
				7A1B48A821CA373E002B88EE /* DemoAppDelegate.m */,
				7A1B48AA21CA3EF2002B88EE /* PreloadAppDelegate.h */,
				7A1B48AB21CA3EF2002B88EE /* PreloadAppDelegate.m */,
				1E38697221B4514E0066F030 /* VirtualApp */,
				96ACE7011FAB14EC005B7CB0 /* ViewController.h */,
				96ACE7021FAB14EC005B7CB0 /* ViewController.m */,
				96ACE7041FAB14EC005B7CB0 /* Main.storyboard */,
				96ACE7071FAB14EC005B7CB0 /* Assets.xcassets */,
				96ACE7091FAB14EC005B7CB0 /* LaunchScreen.storyboard */,
				96ACE70C1FAB14EC005B7CB0 /* Info.plist */,
				1E0E430F201984FE00493C05 /* open_url.plist */,
				1E03C38C2010AAD7002EEDA4 /* lishipingTest-Prefix.pch */,
				96ACE70D1FAB14EC005B7CB0 /* main.m */,
			);
			path = lishipingTest;
			sourceTree = "<group>";
		};
		96ACE7161FAB14EC005B7CB0 /* lishipingTestTests */ = {
			isa = PBXGroup;
			children = (
				96ACE7171FAB14EC005B7CB0 /* lishipingTestTests.m */,
				96ACE7191FAB14EC005B7CB0 /* Info.plist */,
			);
			path = lishipingTestTests;
			sourceTree = "<group>";
		};
		96ACE7211FAB14EC005B7CB0 /* lishipingTestUITests */ = {
			isa = PBXGroup;
			children = (
				96ACE7221FAB14EC005B7CB0 /* lishipingTestUITests.m */,
				96ACE7241FAB14EC005B7CB0 /* Info.plist */,
			);
			path = lishipingTestUITests;
			sourceTree = "<group>";
		};
		96F4383B1FD8084000F10335 /* SPNetWork */ = {
			isa = PBXGroup;
			children = (
				96F4383C1FD80B9D00F10335 /* SPNetworkManager.h */,
				96F4383D1FD80B9D00F10335 /* SPNetworkManager.m */,
			);
			path = SPNetWork;
			sourceTree = "<group>";
		};
/* End PBXGroup section */

/* Begin PBXNativeTarget section */
		96165CC21FCD6333001D98F3 /* TodayExtension */ = {
			isa = PBXNativeTarget;
			buildConfigurationList = 96165CD31FCD6333001D98F3 /* Build configuration list for PBXNativeTarget "TodayExtension" */;
			buildPhases = (
				96165CBF1FCD6333001D98F3 /* Sources */,
				96165CC01FCD6333001D98F3 /* Frameworks */,
				96165CC11FCD6333001D98F3 /* Resources */,
			);
			buildRules = (
			);
			dependencies = (
			);
			name = TodayExtension;
			productName = TodayExtension;
			productReference = 96165CC31FCD6333001D98F3 /* TodayExtension.appex */;
			productType = "com.apple.product-type.app-extension";
		};
		96ACE6FA1FAB14EC005B7CB0 /* lishipingTest */ = {
			isa = PBXNativeTarget;
			buildConfigurationList = 96ACE7271FAB14EC005B7CB0 /* Build configuration list for PBXNativeTarget "lishipingTest" */;
			buildPhases = (
				770A9C0E59E9A262E0830316 /* [CP] Check Pods Manifest.lock */,
				96ACE6F71FAB14EC005B7CB0 /* Sources */,
				96ACE6F81FAB14EC005B7CB0 /* Frameworks */,
				96ACE6F91FAB14EC005B7CB0 /* Resources */,
				3AFF55C2F1F5B2C0100303C7 /* [CP] Embed Pods Frameworks */,
				D39A63A2925EF85FD6D64393 /* [CP] Copy Pods Resources */,
				96165CD41FCD6333001D98F3 /* Embed App Extensions */,
				96CFE4ED1FD6A98100645143 /* Embed Frameworks */,
			);
			buildRules = (
			);
			dependencies = (
				96165CCF1FCD6333001D98F3 /* PBXTargetDependency */,
			);
			name = lishipingTest;
			productName = lishipingTest;
			productReference = 96ACE6FB1FAB14EC005B7CB0 /* lishipingTest.app */;
			productType = "com.apple.product-type.application";
		};
		96ACE7121FAB14EC005B7CB0 /* lishipingTestTests */ = {
			isa = PBXNativeTarget;
			buildConfigurationList = 96ACE72A1FAB14EC005B7CB0 /* Build configuration list for PBXNativeTarget "lishipingTestTests" */;
			buildPhases = (
				96ACE70F1FAB14EC005B7CB0 /* Sources */,
				96ACE7101FAB14EC005B7CB0 /* Frameworks */,
				96ACE7111FAB14EC005B7CB0 /* Resources */,
			);
			buildRules = (
			);
			dependencies = (
				96ACE7151FAB14EC005B7CB0 /* PBXTargetDependency */,
			);
			name = lishipingTestTests;
			productName = lishipingTestTests;
			productReference = 96ACE7131FAB14EC005B7CB0 /* lishipingTestTests.xctest */;
			productType = "com.apple.product-type.bundle.unit-test";
		};
		96ACE71D1FAB14EC005B7CB0 /* lishipingTestUITests */ = {
			isa = PBXNativeTarget;
			buildConfigurationList = 96ACE72D1FAB14EC005B7CB0 /* Build configuration list for PBXNativeTarget "lishipingTestUITests" */;
			buildPhases = (
				96ACE71A1FAB14EC005B7CB0 /* Sources */,
				96ACE71B1FAB14EC005B7CB0 /* Frameworks */,
				96ACE71C1FAB14EC005B7CB0 /* Resources */,
			);
			buildRules = (
			);
			dependencies = (
				96ACE7201FAB14EC005B7CB0 /* PBXTargetDependency */,
			);
			name = lishipingTestUITests;
			productName = lishipingTestUITests;
			productReference = 96ACE71E1FAB14EC005B7CB0 /* lishipingTestUITests.xctest */;
			productType = "com.apple.product-type.bundle.ui-testing";
		};
/* End PBXNativeTarget section */

/* Begin PBXProject section */
		96ACE6F31FAB14EC005B7CB0 /* Project object */ = {
			isa = PBXProject;
			attributes = {
				LastUpgradeCheck = 0910;
				ORGANIZATIONNAME = shiping1;
				TargetAttributes = {
					96165CC21FCD6333001D98F3 = {
						CreatedOnToolsVersion = 9.1;
						ProvisioningStyle = Automatic;
					};
					96ACE6FA1FAB14EC005B7CB0 = {
						CreatedOnToolsVersion = 9.1;
						ProvisioningStyle = Automatic;
					};
					96ACE7121FAB14EC005B7CB0 = {
						CreatedOnToolsVersion = 9.1;
						ProvisioningStyle = Automatic;
						TestTargetID = 96ACE6FA1FAB14EC005B7CB0;
					};
					96ACE71D1FAB14EC005B7CB0 = {
						CreatedOnToolsVersion = 9.1;
						ProvisioningStyle = Automatic;
						TestTargetID = 96ACE6FA1FAB14EC005B7CB0;
					};
				};
			};
			buildConfigurationList = 96ACE6F61FAB14EC005B7CB0 /* Build configuration list for PBXProject "lishipingTest" */;
			compatibilityVersion = "Xcode 8.0";
			developmentRegion = en;
			hasScannedForEncodings = 0;
			knownRegions = (
				en,
				Base,
			);
			mainGroup = 96ACE6F21FAB14EC005B7CB0;
			productRefGroup = 96ACE6FC1FAB14EC005B7CB0 /* Products */;
			projectDirPath = "";
			projectRoot = "";
			targets = (
				96ACE6FA1FAB14EC005B7CB0 /* lishipingTest */,
				96ACE7121FAB14EC005B7CB0 /* lishipingTestTests */,
				96ACE71D1FAB14EC005B7CB0 /* lishipingTestUITests */,
				96165CC21FCD6333001D98F3 /* TodayExtension */,
			);
		};
/* End PBXProject section */

/* Begin PBXResourcesBuildPhase section */
		96165CC11FCD6333001D98F3 /* Resources */ = {
			isa = PBXResourcesBuildPhase;
			buildActionMask = 2147483647;
			files = (
				96165CCC1FCD6333001D98F3 /* MainInterface.storyboard in Resources */,
			);
			runOnlyForDeploymentPostprocessing = 0;
		};
		96ACE6F91FAB14EC005B7CB0 /* Resources */ = {
			isa = PBXResourcesBuildPhase;
			buildActionMask = 2147483647;
			files = (
				1E0E4310201984FF00493C05 /* open_url.plist in Resources */,
				96ACE70B1FAB14EC005B7CB0 /* LaunchScreen.storyboard in Resources */,
				96ACE7081FAB14EC005B7CB0 /* Assets.xcassets in Resources */,
				96ACE7061FAB14EC005B7CB0 /* Main.storyboard in Resources */,
			);
			runOnlyForDeploymentPostprocessing = 0;
		};
		96ACE7111FAB14EC005B7CB0 /* Resources */ = {
			isa = PBXResourcesBuildPhase;
			buildActionMask = 2147483647;
			files = (
			);
			runOnlyForDeploymentPostprocessing = 0;
		};
		96ACE71C1FAB14EC005B7CB0 /* Resources */ = {
			isa = PBXResourcesBuildPhase;
			buildActionMask = 2147483647;
			files = (
			);
			runOnlyForDeploymentPostprocessing = 0;
		};
/* End PBXResourcesBuildPhase section */

/* Begin PBXShellScriptBuildPhase section */
		3AFF55C2F1F5B2C0100303C7 /* [CP] Embed Pods Frameworks */ = {
			isa = PBXShellScriptBuildPhase;
			buildActionMask = 2147483647;
			files = (
			);
			inputPaths = (
			);
			name = "[CP] Embed Pods Frameworks";
			outputPaths = (
			);
			runOnlyForDeploymentPostprocessing = 0;
			shellPath = /bin/sh;
			shellScript = "\"${SRCROOT}/Pods/Target Support Files/Pods-lishipingTest/Pods-lishipingTest-frameworks.sh\"\n";
			showEnvVarsInLog = 0;
		};
		770A9C0E59E9A262E0830316 /* [CP] Check Pods Manifest.lock */ = {
			isa = PBXShellScriptBuildPhase;
			buildActionMask = 2147483647;
			files = (
			);
			inputPaths = (
				"${PODS_PODFILE_DIR_PATH}/Podfile.lock",
				"${PODS_ROOT}/Manifest.lock",
			);
			name = "[CP] Check Pods Manifest.lock";
			outputPaths = (
				"$(DERIVED_FILE_DIR)/Pods-lishipingTest-checkManifestLockResult.txt",
			);
			runOnlyForDeploymentPostprocessing = 0;
			shellPath = /bin/sh;
			shellScript = "diff \"${PODS_ROOT}/../Podfile.lock\" \"${PODS_ROOT}/Manifest.lock\" > /dev/null\nif [ $? != 0 ] ; then\n    # print error to STDERR\n    echo \"error: The sandbox is not in sync with the Podfile.lock. Run 'pod install' or update your CocoaPods installation.\" >&2\n    exit 1\nfi\n";
			showEnvVarsInLog = 0;
		};
		D39A63A2925EF85FD6D64393 /* [CP] Copy Pods Resources */ = {
			isa = PBXShellScriptBuildPhase;
			buildActionMask = 2147483647;
			files = (
			);
			inputPaths = (
				"${SRCROOT}/Pods/Target Support Files/Pods-lishipingTest/Pods-lishipingTest-resources.sh",
				"${PODS_ROOT}/JavaScriptCoreOpalAdditions/JavaScriptCoreOpalAdditions/Opal.bundle",
				"${PODS_ROOT}/MJRefresh/MJRefresh/MJRefresh.bundle",
				"${PODS_ROOT}/SPCategory/SPCategory/Resource/SPCategory.bundle",
				"${PODS_ROOT}/SPWebView/SPWebView/SPWebView/Resource/SPWebView.bundle",
			);
			name = "[CP] Copy Pods Resources";
			outputPaths = (
				"${TARGET_BUILD_DIR}/${UNLOCALIZED_RESOURCES_FOLDER_PATH}/Opal.bundle",
				"${TARGET_BUILD_DIR}/${UNLOCALIZED_RESOURCES_FOLDER_PATH}/MJRefresh.bundle",
				"${TARGET_BUILD_DIR}/${UNLOCALIZED_RESOURCES_FOLDER_PATH}/SPCategory.bundle",
				"${TARGET_BUILD_DIR}/${UNLOCALIZED_RESOURCES_FOLDER_PATH}/SPWebView.bundle",
			);
			runOnlyForDeploymentPostprocessing = 0;
			shellPath = /bin/sh;
			shellScript = "\"${SRCROOT}/Pods/Target Support Files/Pods-lishipingTest/Pods-lishipingTest-resources.sh\"\n";
			showEnvVarsInLog = 0;
		};
/* End PBXShellScriptBuildPhase section */

/* Begin PBXSourcesBuildPhase section */
		96165CBF1FCD6333001D98F3 /* Sources */ = {
			isa = PBXSourcesBuildPhase;
			buildActionMask = 2147483647;
			files = (
				9636EC3C1FDFA937009CB6FE /* WBHotTodayTableViewCell.m in Sources */,
				9636EC3D1FDFA937009CB6FE /* WBHotTodayViewController.m in Sources */,
				9636EC3E1FDFA937009CB6FE /* WBHotTodayManager.m in Sources */,
				96165CC91FCD6333001D98F3 /* TodayViewController.m in Sources */,
			);
			runOnlyForDeploymentPostprocessing = 0;
		};
		96ACE6F71FAB14EC005B7CB0 /* Sources */ = {
			isa = PBXSourcesBuildPhase;
			buildActionMask = 2147483647;
			files = (
				96ACE7031FAB14EC005B7CB0 /* ViewController.m in Sources */,
				1E9482662091D87B00B5F82C /* OldLoginVC.m in Sources */,
				96F4383E1FD80B9D00F10335 /* SPNetworkManager.m in Sources */,
				1E0E430E2019848100493C05 /* LoginVC.m in Sources */,
				1E38698821B4514E0066F030 /* SPAppDelegate.m in Sources */,
				1E03C3902010D531002EEDA4 /* SPURLRouter.m in Sources */,
				1E0D1D7D1FF39C6B00CA80FC /* SPUser.m in Sources */,
				1E9482692092025600B5F82C /* ViewController+All.m in Sources */,
				1E0D1D741FF389A500CA80FC /* SPPushManager.m in Sources */,
				96ACE70E1FAB14EC005B7CB0 /* main.m in Sources */,
				1EB5F50B20204D6600007899 /* RegisterVC.m in Sources */,
				7A1B48AC21CA3EF2002B88EE /* PreloadAppDelegate.m in Sources */,
				1E38698321B4514E0066F030 /* SPAppManager.m in Sources */,
				7A1B48A921CA373E002B88EE /* DemoAppDelegate.m in Sources */,
				96ACE7001FAB14EC005B7CB0 /* AppDelegate.m in Sources */,
				1E0D1D771FF389CC00CA80FC /* SPLocationManager.m in Sources */,
				1E27B80C21AE7F0200E44C35 /* SecondHomeVC.m in Sources */,
			);
			runOnlyForDeploymentPostprocessing = 0;
		};
		96ACE70F1FAB14EC005B7CB0 /* Sources */ = {
			isa = PBXSourcesBuildPhase;
			buildActionMask = 2147483647;
			files = (
				96ACE7181FAB14EC005B7CB0 /* lishipingTestTests.m in Sources */,
				96F4383F1FD80B9D00F10335 /* SPNetworkManager.m in Sources */,
			);
			runOnlyForDeploymentPostprocessing = 0;
		};
		96ACE71A1FAB14EC005B7CB0 /* Sources */ = {
			isa = PBXSourcesBuildPhase;
			buildActionMask = 2147483647;
			files = (
				96ACE7231FAB14EC005B7CB0 /* lishipingTestUITests.m in Sources */,
				96F438401FD80B9D00F10335 /* SPNetworkManager.m in Sources */,
			);
			runOnlyForDeploymentPostprocessing = 0;
		};
/* End PBXSourcesBuildPhase section */

/* Begin PBXTargetDependency section */
		96165CCF1FCD6333001D98F3 /* PBXTargetDependency */ = {
			isa = PBXTargetDependency;
			target = 96165CC21FCD6333001D98F3 /* TodayExtension */;
			targetProxy = 96165CCE1FCD6333001D98F3 /* PBXContainerItemProxy */;
		};
		96ACE7151FAB14EC005B7CB0 /* PBXTargetDependency */ = {
			isa = PBXTargetDependency;
			target = 96ACE6FA1FAB14EC005B7CB0 /* lishipingTest */;
			targetProxy = 96ACE7141FAB14EC005B7CB0 /* PBXContainerItemProxy */;
		};
		96ACE7201FAB14EC005B7CB0 /* PBXTargetDependency */ = {
			isa = PBXTargetDependency;
			target = 96ACE6FA1FAB14EC005B7CB0 /* lishipingTest */;
			targetProxy = 96ACE71F1FAB14EC005B7CB0 /* PBXContainerItemProxy */;
		};
/* End PBXTargetDependency section */

/* Begin PBXVariantGroup section */
		96165CCA1FCD6333001D98F3 /* MainInterface.storyboard */ = {
			isa = PBXVariantGroup;
			children = (
				96165CCB1FCD6333001D98F3 /* Base */,
			);
			name = MainInterface.storyboard;
			sourceTree = "<group>";
		};
		96ACE7041FAB14EC005B7CB0 /* Main.storyboard */ = {
			isa = PBXVariantGroup;
			children = (
				96ACE7051FAB14EC005B7CB0 /* Base */,
			);
			name = Main.storyboard;
			sourceTree = "<group>";
		};
		96ACE7091FAB14EC005B7CB0 /* LaunchScreen.storyboard */ = {
			isa = PBXVariantGroup;
			children = (
				96ACE70A1FAB14EC005B7CB0 /* Base */,
			);
			name = LaunchScreen.storyboard;
			sourceTree = "<group>";
		};
/* End PBXVariantGroup section */

/* Begin XCBuildConfiguration section */
		96165CD11FCD6333001D98F3 /* Debug */ = {
			isa = XCBuildConfiguration;
			buildSettings = {
				CODE_SIGN_STYLE = Automatic;
				INFOPLIST_FILE = TodayExtension/Info.plist;
				LD_RUNPATH_SEARCH_PATHS = "$(inherited) @executable_path/Frameworks @executable_path/../../Frameworks";
				PRODUCT_BUNDLE_IDENTIFIER = xinlang.lishipingTest.TodayExtension;
				PRODUCT_NAME = "$(TARGET_NAME)";
				SKIP_INSTALL = YES;
				TARGETED_DEVICE_FAMILY = "1,2";
			};
			name = Debug;
		};
		96165CD21FCD6333001D98F3 /* Release */ = {
			isa = XCBuildConfiguration;
			buildSettings = {
				CODE_SIGN_STYLE = Automatic;
				INFOPLIST_FILE = TodayExtension/Info.plist;
				LD_RUNPATH_SEARCH_PATHS = "$(inherited) @executable_path/Frameworks @executable_path/../../Frameworks";
				PRODUCT_BUNDLE_IDENTIFIER = xinlang.lishipingTest.TodayExtension;
				PRODUCT_NAME = "$(TARGET_NAME)";
				SKIP_INSTALL = YES;
				TARGETED_DEVICE_FAMILY = "1,2";
			};
			name = Release;
		};
		96ACE7251FAB14EC005B7CB0 /* Debug */ = {
			isa = XCBuildConfiguration;
			buildSettings = {
				ALWAYS_SEARCH_USER_PATHS = NO;
				CLANG_ANALYZER_NONNULL = YES;
				CLANG_ANALYZER_NUMBER_OBJECT_CONVERSION = YES_AGGRESSIVE;
				CLANG_CXX_LANGUAGE_STANDARD = "gnu++14";
				CLANG_CXX_LIBRARY = "libc++";
				CLANG_ENABLE_MODULES = YES;
				CLANG_ENABLE_OBJC_ARC = YES;
				CLANG_WARN_BLOCK_CAPTURE_AUTORELEASING = YES;
				CLANG_WARN_BOOL_CONVERSION = YES;
				CLANG_WARN_COMMA = YES;
				CLANG_WARN_CONSTANT_CONVERSION = YES;
				CLANG_WARN_DIRECT_OBJC_ISA_USAGE = YES_ERROR;
				CLANG_WARN_DOCUMENTATION_COMMENTS = YES;
				CLANG_WARN_EMPTY_BODY = YES;
				CLANG_WARN_ENUM_CONVERSION = YES;
				CLANG_WARN_INFINITE_RECURSION = YES;
				CLANG_WARN_INT_CONVERSION = YES;
				CLANG_WARN_NON_LITERAL_NULL_CONVERSION = YES;
				CLANG_WARN_OBJC_LITERAL_CONVERSION = YES;
				CLANG_WARN_OBJC_ROOT_CLASS = YES_ERROR;
				CLANG_WARN_RANGE_LOOP_ANALYSIS = YES;
				CLANG_WARN_STRICT_PROTOTYPES = YES;
				CLANG_WARN_SUSPICIOUS_MOVE = YES;
				CLANG_WARN_UNGUARDED_AVAILABILITY = YES_AGGRESSIVE;
				CLANG_WARN_UNREACHABLE_CODE = YES;
				CLANG_WARN__DUPLICATE_METHOD_MATCH = YES;
				CODE_SIGN_IDENTITY = "iPhone Developer";
				COPY_PHASE_STRIP = NO;
				DEBUG_INFORMATION_FORMAT = dwarf;
				ENABLE_STRICT_OBJC_MSGSEND = YES;
				ENABLE_TESTABILITY = YES;
				GCC_C_LANGUAGE_STANDARD = gnu11;
				GCC_DYNAMIC_NO_PIC = NO;
				GCC_NO_COMMON_BLOCKS = YES;
				GCC_OPTIMIZATION_LEVEL = 0;
				GCC_PREPROCESSOR_DEFINITIONS = (
					"DEBUG=1",
					"$(inherited)",
				);
				GCC_WARN_64_TO_32_BIT_CONVERSION = YES;
				GCC_WARN_ABOUT_RETURN_TYPE = YES_ERROR;
				GCC_WARN_UNDECLARED_SELECTOR = YES;
				GCC_WARN_UNINITIALIZED_AUTOS = YES_AGGRESSIVE;
				GCC_WARN_UNUSED_FUNCTION = YES;
				GCC_WARN_UNUSED_VARIABLE = YES;
				IPHONEOS_DEPLOYMENT_TARGET = 11.1;
				MTL_ENABLE_DEBUG_INFO = YES;
				ONLY_ACTIVE_ARCH = YES;
				SDKROOT = iphoneos;
			};
			name = Debug;
		};
		96ACE7261FAB14EC005B7CB0 /* Release */ = {
			isa = XCBuildConfiguration;
			buildSettings = {
				ALWAYS_SEARCH_USER_PATHS = NO;
				CLANG_ANALYZER_NONNULL = YES;
				CLANG_ANALYZER_NUMBER_OBJECT_CONVERSION = YES_AGGRESSIVE;
				CLANG_CXX_LANGUAGE_STANDARD = "gnu++14";
				CLANG_CXX_LIBRARY = "libc++";
				CLANG_ENABLE_MODULES = YES;
				CLANG_ENABLE_OBJC_ARC = YES;
				CLANG_WARN_BLOCK_CAPTURE_AUTORELEASING = YES;
				CLANG_WARN_BOOL_CONVERSION = YES;
				CLANG_WARN_COMMA = YES;
				CLANG_WARN_CONSTANT_CONVERSION = YES;
				CLANG_WARN_DIRECT_OBJC_ISA_USAGE = YES_ERROR;
				CLANG_WARN_DOCUMENTATION_COMMENTS = YES;
				CLANG_WARN_EMPTY_BODY = YES;
				CLANG_WARN_ENUM_CONVERSION = YES;
				CLANG_WARN_INFINITE_RECURSION = YES;
				CLANG_WARN_INT_CONVERSION = YES;
				CLANG_WARN_NON_LITERAL_NULL_CONVERSION = YES;
				CLANG_WARN_OBJC_LITERAL_CONVERSION = YES;
				CLANG_WARN_OBJC_ROOT_CLASS = YES_ERROR;
				CLANG_WARN_RANGE_LOOP_ANALYSIS = YES;
				CLANG_WARN_STRICT_PROTOTYPES = YES;
				CLANG_WARN_SUSPICIOUS_MOVE = YES;
				CLANG_WARN_UNGUARDED_AVAILABILITY = YES_AGGRESSIVE;
				CLANG_WARN_UNREACHABLE_CODE = YES;
				CLANG_WARN__DUPLICATE_METHOD_MATCH = YES;
				CODE_SIGN_IDENTITY = "iPhone Developer";
				COPY_PHASE_STRIP = NO;
				DEBUG_INFORMATION_FORMAT = "dwarf-with-dsym";
				ENABLE_NS_ASSERTIONS = NO;
				ENABLE_STRICT_OBJC_MSGSEND = YES;
				GCC_C_LANGUAGE_STANDARD = gnu11;
				GCC_NO_COMMON_BLOCKS = YES;
				GCC_WARN_64_TO_32_BIT_CONVERSION = YES;
				GCC_WARN_ABOUT_RETURN_TYPE = YES_ERROR;
				GCC_WARN_UNDECLARED_SELECTOR = YES;
				GCC_WARN_UNINITIALIZED_AUTOS = YES_AGGRESSIVE;
				GCC_WARN_UNUSED_FUNCTION = YES;
				GCC_WARN_UNUSED_VARIABLE = YES;
				IPHONEOS_DEPLOYMENT_TARGET = 11.1;
				MTL_ENABLE_DEBUG_INFO = NO;
				SDKROOT = iphoneos;
				VALIDATE_PRODUCT = YES;
			};
			name = Release;
		};
		96ACE7281FAB14EC005B7CB0 /* Debug */ = {
			isa = XCBuildConfiguration;
			baseConfigurationReference = 215C14150A2520B979314DA6 /* Pods-lishipingTest.debug.xcconfig */;
			buildSettings = {
				ASSETCATALOG_COMPILER_APPICON_NAME = AppIcon;
				CODE_SIGN_STYLE = Automatic;
				GCC_PRECOMPILE_PREFIX_HEADER = YES;
				GCC_PREFIX_HEADER = "lishipingTest/lishipingTest-Prefix.pch";
				INFOPLIST_FILE = lishipingTest/Info.plist;
				IPHONEOS_DEPLOYMENT_TARGET = 9.0;
				LD_RUNPATH_SEARCH_PATHS = "$(inherited) @executable_path/Frameworks";
				PRODUCT_BUNDLE_IDENTIFIER = xinlang.lishipingTest;
				PRODUCT_NAME = "$(TARGET_NAME)";
				TARGETED_DEVICE_FAMILY = "1,2";
			};
			name = Debug;
		};
		96ACE7291FAB14EC005B7CB0 /* Release */ = {
			isa = XCBuildConfiguration;
			baseConfigurationReference = 318F81A5D873B69C3651676B /* Pods-lishipingTest.release.xcconfig */;
			buildSettings = {
				ASSETCATALOG_COMPILER_APPICON_NAME = AppIcon;
				CODE_SIGN_STYLE = Automatic;
				GCC_PRECOMPILE_PREFIX_HEADER = YES;
				GCC_PREFIX_HEADER = "lishipingTest/lishipingTest-Prefix.pch";
				INFOPLIST_FILE = lishipingTest/Info.plist;
				IPHONEOS_DEPLOYMENT_TARGET = 9.0;
				LD_RUNPATH_SEARCH_PATHS = "$(inherited) @executable_path/Frameworks";
				PRODUCT_BUNDLE_IDENTIFIER = xinlang.lishipingTest;
				PRODUCT_NAME = "$(TARGET_NAME)";
				TARGETED_DEVICE_FAMILY = "1,2";
			};
			name = Release;
		};
		96ACE72B1FAB14EC005B7CB0 /* Debug */ = {
			isa = XCBuildConfiguration;
			buildSettings = {
				BUNDLE_LOADER = "$(TEST_HOST)";
				CODE_SIGN_STYLE = Automatic;
				INFOPLIST_FILE = lishipingTestTests/Info.plist;
				LD_RUNPATH_SEARCH_PATHS = "$(inherited) @executable_path/Frameworks @loader_path/Frameworks";
				PRODUCT_BUNDLE_IDENTIFIER = xinlang.lishipingTestTests;
				PRODUCT_NAME = "$(TARGET_NAME)";
				TARGETED_DEVICE_FAMILY = "1,2";
				TEST_HOST = "$(BUILT_PRODUCTS_DIR)/lishipingTest.app/lishipingTest";
			};
			name = Debug;
		};
		96ACE72C1FAB14EC005B7CB0 /* Release */ = {
			isa = XCBuildConfiguration;
			buildSettings = {
				BUNDLE_LOADER = "$(TEST_HOST)";
				CODE_SIGN_STYLE = Automatic;
				INFOPLIST_FILE = lishipingTestTests/Info.plist;
				LD_RUNPATH_SEARCH_PATHS = "$(inherited) @executable_path/Frameworks @loader_path/Frameworks";
				PRODUCT_BUNDLE_IDENTIFIER = xinlang.lishipingTestTests;
				PRODUCT_NAME = "$(TARGET_NAME)";
				TARGETED_DEVICE_FAMILY = "1,2";
				TEST_HOST = "$(BUILT_PRODUCTS_DIR)/lishipingTest.app/lishipingTest";
			};
			name = Release;
		};
		96ACE72E1FAB14EC005B7CB0 /* Debug */ = {
			isa = XCBuildConfiguration;
			buildSettings = {
				CODE_SIGN_STYLE = Automatic;
				INFOPLIST_FILE = lishipingTestUITests/Info.plist;
				LD_RUNPATH_SEARCH_PATHS = "$(inherited) @executable_path/Frameworks @loader_path/Frameworks";
				PRODUCT_BUNDLE_IDENTIFIER = xinlang.lishipingTestUITests;
				PRODUCT_NAME = "$(TARGET_NAME)";
				TARGETED_DEVICE_FAMILY = "1,2";
				TEST_TARGET_NAME = lishipingTest;
			};
			name = Debug;
		};
		96ACE72F1FAB14EC005B7CB0 /* Release */ = {
			isa = XCBuildConfiguration;
			buildSettings = {
				CODE_SIGN_STYLE = Automatic;
				INFOPLIST_FILE = lishipingTestUITests/Info.plist;
				LD_RUNPATH_SEARCH_PATHS = "$(inherited) @executable_path/Frameworks @loader_path/Frameworks";
				PRODUCT_BUNDLE_IDENTIFIER = xinlang.lishipingTestUITests;
				PRODUCT_NAME = "$(TARGET_NAME)";
				TARGETED_DEVICE_FAMILY = "1,2";
				TEST_TARGET_NAME = lishipingTest;
			};
			name = Release;
		};
/* End XCBuildConfiguration section */

/* Begin XCConfigurationList section */
		96165CD31FCD6333001D98F3 /* Build configuration list for PBXNativeTarget "TodayExtension" */ = {
			isa = XCConfigurationList;
			buildConfigurations = (
				96165CD11FCD6333001D98F3 /* Debug */,
				96165CD21FCD6333001D98F3 /* Release */,
			);
			defaultConfigurationIsVisible = 0;
			defaultConfigurationName = Release;
		};
		96ACE6F61FAB14EC005B7CB0 /* Build configuration list for PBXProject "lishipingTest" */ = {
			isa = XCConfigurationList;
			buildConfigurations = (
				96ACE7251FAB14EC005B7CB0 /* Debug */,
				96ACE7261FAB14EC005B7CB0 /* Release */,
			);
			defaultConfigurationIsVisible = 0;
			defaultConfigurationName = Release;
		};
		96ACE7271FAB14EC005B7CB0 /* Build configuration list for PBXNativeTarget "lishipingTest" */ = {
			isa = XCConfigurationList;
			buildConfigurations = (
				96ACE7281FAB14EC005B7CB0 /* Debug */,
				96ACE7291FAB14EC005B7CB0 /* Release */,
			);
			defaultConfigurationIsVisible = 0;
			defaultConfigurationName = Release;
		};
		96ACE72A1FAB14EC005B7CB0 /* Build configuration list for PBXNativeTarget "lishipingTestTests" */ = {
			isa = XCConfigurationList;
			buildConfigurations = (
				96ACE72B1FAB14EC005B7CB0 /* Debug */,
				96ACE72C1FAB14EC005B7CB0 /* Release */,
			);
			defaultConfigurationIsVisible = 0;
			defaultConfigurationName = Release;
		};
		96ACE72D1FAB14EC005B7CB0 /* Build configuration list for PBXNativeTarget "lishipingTestUITests" */ = {
			isa = XCConfigurationList;
			buildConfigurations = (
				96ACE72E1FAB14EC005B7CB0 /* Debug */,
				96ACE72F1FAB14EC005B7CB0 /* Release */,
			);
			defaultConfigurationIsVisible = 0;
			defaultConfigurationName = Release;
		};
/* End XCConfigurationList section */
	};
	rootObject = 96ACE6F31FAB14EC005B7CB0 /* Project object */;
}
