PODS:
  - AFNetworking (3.2.0):
    - AFNetworking/NSURLSession (= 3.2.0)
    - AFNetworking/Reachability (= 3.2.0)
    - AFNetworking/Security (= 3.2.0)
    - AFNetworking/Serialization (= 3.2.0)
    - AFNetworking/UIKit (= 3.2.0)
  - AFNetworking/NSURLSession (3.2.0):
    - AFNetworking/Reachability
    - AFNetworking/Security
    - AFNetworking/Serialization
  - AFNetworking/Reachability (3.2.0)
  - AFNetworking/Security (3.2.0)
  - AFNetworking/Serialization (3.2.0)
  - AFNetworking/UIKit (3.2.0):
    - AFNetworking/NSURLSession
  - ALISJSBridgeKit (0.1.0)
  - FLEX (2.4.0)
  - FMDB (2.7.2):
    - FMDB/standard (= 2.7.2)
  - FMDB/standard (2.7.2)
  - IGDigest (1.1.3)
  - JavaScriptCoreOpalAdditions (0.5.1):
    - IGDigest (>= 1.1.3)
    - ObjectiveSugar (~> 1.1.0)
  - JSBridge (0.2.6)
  - JSONModel (1.7.0)
  - Mantle (2.1.0):
    - Mantle/extobjc (= 2.1.0)
  - Mantle/extobjc (2.1.0)
  - Masonry (1.1.0)
  - MBProgressHUD (1.0.0)
  - MJExtension (3.0.13)
  - NJKWebViewProgress (0.2.3):
    - NJKWebViewProgress/Core (= 0.2.3)
    - NJKWebViewProgress/ProgressView (= 0.2.3)
  - NJKWebViewProgress/Core (0.2.3)
  - NJKWebViewProgress/ProgressView (0.2.3)
  - ObjectiveSugar (1.1.0)
  - Reachability (3.2)
  - SafeData (0.1.2)
  - SDWebImage (4.3.0):
    - SDWebImage/Core (= 4.3.0)
  - SDWebImage/Core (4.3.0)
  - SPBaseClass (0.0.3)
  - SPCategory (0.4.0):
    - MBProgressHUD (= 1.0.0)
    - SafeData
    - SPMacro
  - SPDebugBar (0.9.0)
  - SPFastPush (0.7.0)
  - SPMacro (0.2.2)
  - SPWebView (0.0.14):
    - SPWebView/Core (= 0.0.14)
  - SPWebView/Core (0.0.14):
    - NJKWebViewProgress (= 0.2.3)
  - WebViewJavascriptBridge (6.0.3)

DEPENDENCIES:
  - AFNetworking
  - ALISJSBridgeKit
  - FLEX
  - FMDB
  - JavaScriptCoreOpalAdditions
  - JSBridge
  - JSONModel
  - Mantle
  - Masonry
  - MJExtension
  - Reachability
  - SafeData
  - SDWebImage
  - SPBaseClass
  - SPCategory
  - SPDebugBar
  - SPFastPush
  - SPMacro
  - SPWebView
  - WebViewJavascriptBridge

SPEC CHECKSUMS:
  AFNetworking: 8ac6017b94ea105479f7776e5288e48ae9c59bb4
  ALISJSBridgeKit: 8e3dd8d7b9198318ef961b3b28a1b991d92f9ff6
  FLEX: bd1a39e55b56bb413b6f1b34b3c10a0dc44ef079
  FMDB: 6198a90e7b6900cfc046e6bc0ef6ebb7be9236aa
  IGDigest: b8e27edd36468bc87951645b841531229256019a
  JavaScriptCoreOpalAdditions: c353b40e993f0e8f816e5dbb2e693ac7c4e75570
  JSBridge: 3d60067490d82a2954547e13b7bc483108686611
  JSONModel: 840bc0fcffb24b8454d2c026bf26fea454b8e98d
  Mantle: 2fa750afa478cd625a94230fbf1c13462f29395b
  Masonry: 678fab65091a9290e40e2832a55e7ab731aad201
  MBProgressHUD: 4890f671c94e8a0f3cf959aa731e9de2f036d71a
  MJExtension: 5932755f451458eefa24239358817f8d291240c7
  NJKWebViewProgress: f481fd424cb5ecc27eacae11b5397db92fba9a4d
  ObjectiveSugar: a6a25f23d657c19df0a0b972466d5b5ca9f5295c
  Reachability: 33e18b67625424e47b6cde6d202dce689ad7af96
  SafeData: d654eee95046a2c25ab67dec883977bb6699a83a
  SDWebImage: 6da6c8bca115addc4de8613362e1b15f66333825
  SPBaseClass: c91058f6494eebec78fb2956c7e66d536d21e8f0
  SPCategory: 3901b77bfe20f38a971648682b3b74443b56ecaa
  SPDebugBar: 7faf249619696a4fc23e0d17920c383a51e4f8e1
  SPFastPush: 97a9ea11fad992bedd840b77c0c59243b130267f
  SPMacro: 86e8a72b5b991465c68f2e153d5563d2c8335153
  SPWebView: 0503106fe6e5346b7a8aa0a81db52e61645caf74
  WebViewJavascriptBridge: 7f5bc4d3581e672e8f32bd0f812d54bc69bb8e29

PODFILE CHECKSUM: b1262593448d458a98207566a01b8b7b1567cb8d

COCOAPODS: 1.3.1
