PODS:
  - AFNetworking (3.2.0):
    - AFNetworking/NSURLSession (= 3.2.0)
    - AFNetworking/Reachability (= 3.2.0)
    - AFNetworking/Security (= 3.2.0)
    - AFNetworking/Serialization (= 3.2.0)
    - AFNetworking/UIKit (= 3.2.0)
  - AFNetworking/NSURLSession (3.2.0):
    - AFNetworking/Reachability
    - AFNetworking/Security
    - AFNetworking/Serialization
  - AFNetworking/Reachability (3.2.0)
  - AFNetworking/Security (3.2.0)
  - AFNetworking/Serialization (3.2.0)
  - AFNetworking/UIKit (3.2.0):
    - AFNetworking/NSURLSession
  - ALISJSBridgeKit (0.1.0)
  - FLAnimatedImage (1.0.12)
  - FLEX (2.4.0)
  - FMDB (2.7.2):
    - FMDB/standard (= 2.7.2)
  - FMDB/standard (2.7.2)
  - IGDigest (1.1.3)
  - JavaScriptCoreOpalAdditions (0.5.1):
    - IGDigest (>= 1.1.3)
    - ObjectiveSugar (~> 1.1.0)
  - JSBridge (0.2.6)
  - JSONModel (1.7.0)
  - Mantle (2.1.0):
    - Mantle/extobjc (= 2.1.0)
  - Mantle/extobjc (2.1.0)
  - Masonry (1.1.0)
  - MBProgressHUD (1.0.0)
  - MJExtension (3.0.13)
  - MJRefresh (3.1.15.3)
  - MMProgressHUD (0.3.2)
  - NJKWebViewProgress (0.2.3):
    - NJKWebViewProgress/Core (= 0.2.3)
    - NJKWebViewProgress/ProgressView (= 0.2.3)
  - NJKWebViewProgress/Core (0.2.3)
  - NJKWebViewProgress/ProgressView (0.2.3)
  - ObjectiveSugar (1.1.0)
  - RDVTabBarController (1.1.9)
  - Reachability (3.2)
  - SafeData (1.0.0)
  - SCNavigationController (1.1.3):
    - SCStackViewController (~> 3.3.3)
  - SCScrollView (1.1.8)
  - SCStackViewController (3.3.6):
    - SCScrollView (~> 1.1)
  - SDWebImage (4.3.3):
    - SDWebImage/Core (= 4.3.3)
  - SDWebImage/Core (4.3.3)
  - SPBaseClass (0.1.4):
    - SafeData
    - SPCategory
    - SPFastPush
  - SPCategory (0.4.1):
    - MBProgressHUD (= 1.0.0)
    - SafeData
    - SPMacro
  - SPDebugBar (1.0.2)
  - SPFastPush (0.8.0)
  - SPMacro (0.3.1)
  - SPWebView (0.0.14):
    - SPWebView/Core (= 0.0.14)
  - SPWebView/Core (0.0.14):
    - NJKWebViewProgress (= 0.2.3)
  - WebViewJavascriptBridge (6.0.3)

DEPENDENCIES:
  - AFNetworking
  - ALISJSBridgeKit
  - FLAnimatedImage
  - FLEX
  - FMDB
  - JavaScriptCoreOpalAdditions
  - JSBridge
  - JSONModel
  - Mantle
  - Masonry
  - MJExtension
  - MJRefresh
  - MMProgressHUD
  - RDVTabBarController
  - Reachability
  - SafeData
  - SCNavigationController
  - SDWebImage
  - SPBaseClass
  - SPCategory
  - SPDebugBar
  - SPFastPush
  - SPMacro
  - SPWebView
  - WebViewJavascriptBridge

SPEC CHECKSUMS:
  AFNetworking: 8ac6017b94ea105479f7776e5288e48ae9c59bb4
  ALISJSBridgeKit: 8e3dd8d7b9198318ef961b3b28a1b991d92f9ff6
  FLAnimatedImage: 4a0b56255d9b05f18b6dd7ee06871be5d3b89e31
  FLEX: bd1a39e55b56bb413b6f1b34b3c10a0dc44ef079
  FMDB: 6198a90e7b6900cfc046e6bc0ef6ebb7be9236aa
  IGDigest: b8e27edd36468bc87951645b841531229256019a
  JavaScriptCoreOpalAdditions: c353b40e993f0e8f816e5dbb2e693ac7c4e75570
  JSBridge: 3d60067490d82a2954547e13b7bc483108686611
  JSONModel: 840bc0fcffb24b8454d2c026bf26fea454b8e98d
  Mantle: 2fa750afa478cd625a94230fbf1c13462f29395b
  Masonry: 678fab65091a9290e40e2832a55e7ab731aad201
  MBProgressHUD: 4890f671c94e8a0f3cf959aa731e9de2f036d71a
  MJExtension: 5932755f451458eefa24239358817f8d291240c7
  MJRefresh: b48380ae2b927b46c4ef000de9adb8dc748e1df7
  MMProgressHUD: a913b116ba6791d67d37f9fb4211079200fb7595
  NJKWebViewProgress: f481fd424cb5ecc27eacae11b5397db92fba9a4d
  ObjectiveSugar: a6a25f23d657c19df0a0b972466d5b5ca9f5295c
  RDVTabBarController: 67794f7a7a37f8e32f046f85ac67d06ab92d624a
  Reachability: 33e18b67625424e47b6cde6d202dce689ad7af96
  SafeData: 10b127503021438cc10ae8b7ef3b24438c3a0a83
  SCNavigationController: c107959a6967bd4b80b087d660a7e013dc2d44ea
  SCScrollView: 247186f377f0b3b8eb4c0a96a2c742b322414f9f
  SCStackViewController: 4c39a60338cd18f8d2d6c95683a48ece35e2ef9b
  SDWebImage: de4d90b5bff3571eae7bd16202b1f43135409fa5
  SPBaseClass: 8db64d664be3bab77bd71f1694a6d9497d110ed2
  SPCategory: fab67c388d3fb632cc97b11532f32c0f3492e56c
  SPDebugBar: 7a8af5988f7560d7c4b4140f11143dbf568aecbd
  SPFastPush: 732746c2a1b333acfda6500c2d1293f0abd14207
  SPMacro: 6ad947b6dd58cdf33a2f9238d081df6de6178efe
  SPWebView: 0503106fe6e5346b7a8aa0a81db52e61645caf74
  WebViewJavascriptBridge: 7f5bc4d3581e672e8f32bd0f812d54bc69bb8e29

PODFILE CHECKSUM: c83c4b1c4f8632828fed25eba793857a0ba96113

COCOAPODS: 1.1.1
